// !$*UTF8*$!
{
	archiveVersion = 1;
	classes = {
	};
	objectVersion = 52;
	objects = {

/* Begin PBXBuildFile section */
		1D065E6D53D2018E76FABA42 /* Pods_Flix_FlixUITests.framework in Frameworks */ = {isa = PBXBuildFile; fileRef = 3A878A9F811AC60C57D03F82 /* Pods_Flix_FlixUITests.framework */; };
		31481B79D341A73AE6269AAD /* Pods_FlixTests.framework in Frameworks */ = {isa = PBXBuildFile; fileRef = 441A8CE0F8573ABBACE957FC /* Pods_FlixTests.framework */; };
		650A814026EAB2CA00627025 /* MoviesViewController.swift in Sources */ = {isa = PBXBuildFile; fileRef = 650A813F26EAB2CA00627025 /* MoviesViewController.swift */; };
		650A814226EB04A000627025 /* MovieCell.swift in Sources */ = {isa = PBXBuildFile; fileRef = 650A814126EB04A000627025 /* MovieCell.swift */; };
		650A814526EE6FDC00627025 /* AlamofireImage in Frameworks */ = {isa = PBXBuildFile; productRef = 650A814426EE6FDC00627025 /* AlamofireImage */; };
		65A684DA26EAAF7200407431 /* AppDelegate.swift in Sources */ = {isa = PBXBuildFile; fileRef = 65A684D926EAAF7200407431 /* AppDelegate.swift */; };
		65A684DC26EAAF7200407431 /* SceneDelegate.swift in Sources */ = {isa = PBXBuildFile; fileRef = 65A684DB26EAAF7200407431 /* SceneDelegate.swift */; };
		65A684E126EAAF7200407431 /* Main.storyboard in Resources */ = {isa = PBXBuildFile; fileRef = 65A684DF26EAAF7200407431 /* Main.storyboard */; };
		65A684E326EAAF7300407431 /* Assets.xcassets in Resources */ = {isa = PBXBuildFile; fileRef = 65A684E226EAAF7300407431 /* Assets.xcassets */; };
		65A684E626EAAF7300407431 /* LaunchScreen.storyboard in Resources */ = {isa = PBXBuildFile; fileRef = 65A684E426EAAF7300407431 /* LaunchScreen.storyboard */; };
		65A684F126EAAF7400407431 /* FlixTests.swift in Sources */ = {isa = PBXBuildFile; fileRef = 65A684F026EAAF7400407431 /* FlixTests.swift */; };
		65A684FC26EAAF7400407431 /* FlixUITests.swift in Sources */ = {isa = PBXBuildFile; fileRef = 65A684FB26EAAF7400407431 /* FlixUITests.swift */; };
		65BDB28926F44482005CAC50 /* MovieDetailsViewController.swift in Sources */ = {isa = PBXBuildFile; fileRef = 65BDB28826F44482005CAC50 /* MovieDetailsViewController.swift */; };
		65BDB28B26F5B3FD005CAC50 /* MovieGridViewController.swift in Sources */ = {isa = PBXBuildFile; fileRef = 65BDB28A26F5B3FD005CAC50 /* MovieGridViewController.swift */; };
		65BDB28D26F5C1C5005CAC50 /* MovieGridCell.swift in Sources */ = {isa = PBXBuildFile; fileRef = 65BDB28C26F5C1C5005CAC50 /* MovieGridCell.swift */; };
		FA37E08F8E093AFF66DE42FF /* Pods_Flix.framework in Frameworks */ = {isa = PBXBuildFile; fileRef = 42C96C2DDA7FBEEFE67D8B12 /* Pods_Flix.framework */; };
/* End PBXBuildFile section */

/* Begin PBXContainerItemProxy section */
		65A684ED26EAAF7400407431 /* PBXContainerItemProxy */ = {
			isa = PBXContainerItemProxy;
			containerPortal = 65A684CE26EAAF7200407431 /* Project object */;
			proxyType = 1;
			remoteGlobalIDString = 65A684D526EAAF7200407431;
			remoteInfo = Flix;
		};
		65A684F826EAAF7400407431 /* PBXContainerItemProxy */ = {
			isa = PBXContainerItemProxy;
			containerPortal = 65A684CE26EAAF7200407431 /* Project object */;
			proxyType = 1;
			remoteGlobalIDString = 65A684D526EAAF7200407431;
			remoteInfo = Flix;
		};
/* End PBXContainerItemProxy section */

/* Begin PBXFileReference section */
		2737ADDFB76EC74121BEAC1E /* Pods-Flix-FlixUITests.release.xcconfig */ = {isa = PBXFileReference; includeInIndex = 1; lastKnownFileType = text.xcconfig; name = "Pods-Flix-FlixUITests.release.xcconfig"; path = "Target Support Files/Pods-Flix-FlixUITests/Pods-Flix-FlixUITests.release.xcconfig"; sourceTree = "<group>"; };
		35F9A9733C56E4478006153F /* Pods-FlixTests.release.xcconfig */ = {isa = PBXFileReference; includeInIndex = 1; lastKnownFileType = text.xcconfig; name = "Pods-FlixTests.release.xcconfig"; path = "Target Support Files/Pods-FlixTests/Pods-FlixTests.release.xcconfig"; sourceTree = "<group>"; };
		3A878A9F811AC60C57D03F82 /* Pods_Flix_FlixUITests.framework */ = {isa = PBXFileReference; explicitFileType = wrapper.framework; includeInIndex = 0; path = Pods_Flix_FlixUITests.framework; sourceTree = BUILT_PRODUCTS_DIR; };
		42C96C2DDA7FBEEFE67D8B12 /* Pods_Flix.framework */ = {isa = PBXFileReference; explicitFileType = wrapper.framework; includeInIndex = 0; path = Pods_Flix.framework; sourceTree = BUILT_PRODUCTS_DIR; };
		441A8CE0F8573ABBACE957FC /* Pods_FlixTests.framework */ = {isa = PBXFileReference; explicitFileType = wrapper.framework; includeInIndex = 0; path = Pods_FlixTests.framework; sourceTree = BUILT_PRODUCTS_DIR; };
		650A813F26EAB2CA00627025 /* MoviesViewController.swift */ = {isa = PBXFileReference; lastKnownFileType = sourcecode.swift; path = MoviesViewController.swift; sourceTree = "<group>"; };
		650A814126EB04A000627025 /* MovieCell.swift */ = {isa = PBXFileReference; lastKnownFileType = sourcecode.swift; path = MovieCell.swift; sourceTree = "<group>"; };
		65A684D626EAAF7200407431 /* Flix.app */ = {isa = PBXFileReference; explicitFileType = wrapper.application; includeInIndex = 0; path = Flix.app; sourceTree = BUILT_PRODUCTS_DIR; };
		65A684D926EAAF7200407431 /* AppDelegate.swift */ = {isa = PBXFileReference; lastKnownFileType = sourcecode.swift; path = AppDelegate.swift; sourceTree = "<group>"; };
		65A684DB26EAAF7200407431 /* SceneDelegate.swift */ = {isa = PBXFileReference; lastKnownFileType = sourcecode.swift; path = SceneDelegate.swift; sourceTree = "<group>"; };
		65A684E026EAAF7200407431 /* Base */ = {isa = PBXFileReference; lastKnownFileType = file.storyboard; name = Base; path = Base.lproj/Main.storyboard; sourceTree = "<group>"; };
		65A684E226EAAF7300407431 /* Assets.xcassets */ = {isa = PBXFileReference; lastKnownFileType = folder.assetcatalog; path = Assets.xcassets; sourceTree = "<group>"; };
		65A684E526EAAF7300407431 /* Base */ = {isa = PBXFileReference; lastKnownFileType = file.storyboard; name = Base; path = Base.lproj/LaunchScreen.storyboard; sourceTree = "<group>"; };
		65A684E726EAAF7300407431 /* Info.plist */ = {isa = PBXFileReference; lastKnownFileType = text.plist.xml; path = Info.plist; sourceTree = "<group>"; };
		65A684EC26EAAF7400407431 /* FlixTests.xctest */ = {isa = PBXFileReference; explicitFileType = wrapper.cfbundle; includeInIndex = 0; path = FlixTests.xctest; sourceTree = BUILT_PRODUCTS_DIR; };
		65A684F026EAAF7400407431 /* FlixTests.swift */ = {isa = PBXFileReference; lastKnownFileType = sourcecode.swift; path = FlixTests.swift; sourceTree = "<group>"; };
		65A684F226EAAF7400407431 /* Info.plist */ = {isa = PBXFileReference; lastKnownFileType = text.plist.xml; path = Info.plist; sourceTree = "<group>"; };
		65A684F726EAAF7400407431 /* FlixUITests.xctest */ = {isa = PBXFileReference; explicitFileType = wrapper.cfbundle; includeInIndex = 0; path = FlixUITests.xctest; sourceTree = BUILT_PRODUCTS_DIR; };
		65A684FB26EAAF7400407431 /* FlixUITests.swift */ = {isa = PBXFileReference; lastKnownFileType = sourcecode.swift; path = FlixUITests.swift; sourceTree = "<group>"; };
		65A684FD26EAAF7400407431 /* Info.plist */ = {isa = PBXFileReference; lastKnownFileType = text.plist.xml; path = Info.plist; sourceTree = "<group>"; };
		65BDB28826F44482005CAC50 /* MovieDetailsViewController.swift */ = {isa = PBXFileReference; lastKnownFileType = sourcecode.swift; path = MovieDetailsViewController.swift; sourceTree = "<group>"; };
		65BDB28A26F5B3FD005CAC50 /* MovieGridViewController.swift */ = {isa = PBXFileReference; lastKnownFileType = sourcecode.swift; path = MovieGridViewController.swift; sourceTree = "<group>"; };
		65BDB28C26F5C1C5005CAC50 /* MovieGridCell.swift */ = {isa = PBXFileReference; lastKnownFileType = sourcecode.swift; path = MovieGridCell.swift; sourceTree = "<group>"; };
		8BF3A5E0706DFD2075A8779E /* Pods-FlixTests.debug.xcconfig */ = {isa = PBXFileReference; includeInIndex = 1; lastKnownFileType = text.xcconfig; name = "Pods-FlixTests.debug.xcconfig"; path = "Target Support Files/Pods-FlixTests/Pods-FlixTests.debug.xcconfig"; sourceTree = "<group>"; };
		A55C457EAB9195E7E8FA75AA /* Pods-Flix.debug.xcconfig */ = {isa = PBXFileReference; includeInIndex = 1; lastKnownFileType = text.xcconfig; name = "Pods-Flix.debug.xcconfig"; path = "Target Support Files/Pods-Flix/Pods-Flix.debug.xcconfig"; sourceTree = "<group>"; };
		C12D3633A8F72D944C953C6B /* Pods-Flix-FlixUITests.debug.xcconfig */ = {isa = PBXFileReference; includeInIndex = 1; lastKnownFileType = text.xcconfig; name = "Pods-Flix-FlixUITests.debug.xcconfig"; path = "Target Support Files/Pods-Flix-FlixUITests/Pods-Flix-FlixUITests.debug.xcconfig"; sourceTree = "<group>"; };
		FD1385451E37564DC2486785 /* Pods-Flix.release.xcconfig */ = {isa = PBXFileReference; includeInIndex = 1; lastKnownFileType = text.xcconfig; name = "Pods-Flix.release.xcconfig"; path = "Target Support Files/Pods-Flix/Pods-Flix.release.xcconfig"; sourceTree = "<group>"; };
/* End PBXFileReference section */

/* Begin PBXFrameworksBuildPhase section */
		65A684D326EAAF7200407431 /* Frameworks */ = {
			isa = PBXFrameworksBuildPhase;
			buildActionMask = 2147483647;
			files = (
				650A814526EE6FDC00627025 /* AlamofireImage in Frameworks */,
				FA37E08F8E093AFF66DE42FF /* Pods_Flix.framework in Frameworks */,
			);
			runOnlyForDeploymentPostprocessing = 0;
		};
		65A684E926EAAF7400407431 /* Frameworks */ = {
			isa = PBXFrameworksBuildPhase;
			buildActionMask = 2147483647;
			files = (
				31481B79D341A73AE6269AAD /* Pods_FlixTests.framework in Frameworks */,
			);
			runOnlyForDeploymentPostprocessing = 0;
		};
		65A684F426EAAF7400407431 /* Frameworks */ = {
			isa = PBXFrameworksBuildPhase;
			buildActionMask = 2147483647;
			files = (
				1D065E6D53D2018E76FABA42 /* Pods_Flix_FlixUITests.framework in Frameworks */,
			);
			runOnlyForDeploymentPostprocessing = 0;
		};
/* End PBXFrameworksBuildPhase section */

/* Begin PBXGroup section */
		65A684CD26EAAF7200407431 = {
			isa = PBXGroup;
			children = (
				65A684D826EAAF7200407431 /* Flix */,
				65A684EF26EAAF7400407431 /* FlixTests */,
				65A684FA26EAAF7400407431 /* FlixUITests */,
				65A684D726EAAF7200407431 /* Products */,
				DFF6AA02A6EA68208CC5B3F9 /* Pods */,
				78AB865E4A12E2DAABCB5C88 /* Frameworks */,
			);
			sourceTree = "<group>";
		};
		65A684D726EAAF7200407431 /* Products */ = {
			isa = PBXGroup;
			children = (
				65A684D626EAAF7200407431 /* Flix.app */,
				65A684EC26EAAF7400407431 /* FlixTests.xctest */,
				65A684F726EAAF7400407431 /* FlixUITests.xctest */,
			);
			name = Products;
			sourceTree = "<group>";
		};
		65A684D826EAAF7200407431 /* Flix */ = {
			isa = PBXGroup;
			children = (
				65A684DF26EAAF7200407431 /* Main.storyboard */,
				65A684E426EAAF7300407431 /* LaunchScreen.storyboard */,
				65A684E226EAAF7300407431 /* Assets.xcassets */,
				65A684DB26EAAF7200407431 /* SceneDelegate.swift */,
				65A684D926EAAF7200407431 /* AppDelegate.swift */,
				650A813F26EAB2CA00627025 /* MoviesViewController.swift */,
				650A814126EB04A000627025 /* MovieCell.swift */,
				65BDB28826F44482005CAC50 /* MovieDetailsViewController.swift */,
				65BDB28A26F5B3FD005CAC50 /* MovieGridViewController.swift */,
				65BDB28C26F5C1C5005CAC50 /* MovieGridCell.swift */,
				65A684E726EAAF7300407431 /* Info.plist */,
			);
			path = Flix;
			sourceTree = "<group>";
		};
		65A684EF26EAAF7400407431 /* FlixTests */ = {
			isa = PBXGroup;
			children = (
				65A684F026EAAF7400407431 /* FlixTests.swift */,
				65A684F226EAAF7400407431 /* Info.plist */,
			);
			path = FlixTests;
			sourceTree = "<group>";
		};
		65A684FA26EAAF7400407431 /* FlixUITests */ = {
			isa = PBXGroup;
			children = (
				65A684FB26EAAF7400407431 /* FlixUITests.swift */,
				65A684FD26EAAF7400407431 /* Info.plist */,
			);
			path = FlixUITests;
			sourceTree = "<group>";
		};
		78AB865E4A12E2DAABCB5C88 /* Frameworks */ = {
			isa = PBXGroup;
			children = (
				42C96C2DDA7FBEEFE67D8B12 /* Pods_Flix.framework */,
				3A878A9F811AC60C57D03F82 /* Pods_Flix_FlixUITests.framework */,
				441A8CE0F8573ABBACE957FC /* Pods_FlixTests.framework */,
			);
			name = Frameworks;
			sourceTree = "<group>";
		};
		DFF6AA02A6EA68208CC5B3F9 /* Pods */ = {
			isa = PBXGroup;
			children = (
				A55C457EAB9195E7E8FA75AA /* Pods-Flix.debug.xcconfig */,
				FD1385451E37564DC2486785 /* Pods-Flix.release.xcconfig */,
				C12D3633A8F72D944C953C6B /* Pods-Flix-FlixUITests.debug.xcconfig */,
				2737ADDFB76EC74121BEAC1E /* Pods-Flix-FlixUITests.release.xcconfig */,
				8BF3A5E0706DFD2075A8779E /* Pods-FlixTests.debug.xcconfig */,
				35F9A9733C56E4478006153F /* Pods-FlixTests.release.xcconfig */,
			);
			path = Pods;
			sourceTree = "<group>";
		};
/* End PBXGroup section */

/* Begin PBXNativeTarget section */
		65A684D526EAAF7200407431 /* Flix */ = {
			isa = PBXNativeTarget;
			buildConfigurationList = 65A6850026EAAF7400407431 /* Build configuration list for PBXNativeTarget "Flix" */;
			buildPhases = (
				5252F0187DA57819333FAFF8 /* [CP] Check Pods Manifest.lock */,
				65A684D226EAAF7200407431 /* Sources */,
				65A684D326EAAF7200407431 /* Frameworks */,
				65A684D426EAAF7200407431 /* Resources */,
				12BFCD71200A7BE4F3C291A6 /* [CP] Embed Pods Frameworks */,
			);
			buildRules = (
			);
			dependencies = (
			);
			name = Flix;
			packageProductDependencies = (
				650A814426EE6FDC00627025 /* AlamofireImage */,
			);
			productName = Flix;
			productReference = 65A684D626EAAF7200407431 /* Flix.app */;
			productType = "com.apple.product-type.application";
		};
		65A684EB26EAAF7400407431 /* FlixTests */ = {
			isa = PBXNativeTarget;
			buildConfigurationList = 65A6850326EAAF7400407431 /* Build configuration list for PBXNativeTarget "FlixTests" */;
			buildPhases = (
				4DE2477B3E43650902948500 /* [CP] Check Pods Manifest.lock */,
				65A684E826EAAF7400407431 /* Sources */,
				65A684E926EAAF7400407431 /* Frameworks */,
				65A684EA26EAAF7400407431 /* Resources */,
			);
			buildRules = (
			);
			dependencies = (
				65A684EE26EAAF7400407431 /* PBXTargetDependency */,
			);
			name = FlixTests;
			productName = FlixTests;
			productReference = 65A684EC26EAAF7400407431 /* FlixTests.xctest */;
			productType = "com.apple.product-type.bundle.unit-test";
		};
		65A684F626EAAF7400407431 /* FlixUITests */ = {
			isa = PBXNativeTarget;
			buildConfigurationList = 65A6850626EAAF7400407431 /* Build configuration list for PBXNativeTarget "FlixUITests" */;
			buildPhases = (
				312BD07AD2E03196CB95231B /* [CP] Check Pods Manifest.lock */,
				65A684F326EAAF7400407431 /* Sources */,
				65A684F426EAAF7400407431 /* Frameworks */,
				65A684F526EAAF7400407431 /* Resources */,
				9091092B76B7D7B74FF86CBE /* [CP] Embed Pods Frameworks */,
			);
			buildRules = (
			);
			dependencies = (
				65A684F926EAAF7400407431 /* PBXTargetDependency */,
			);
			name = FlixUITests;
			productName = FlixUITests;
			productReference = 65A684F726EAAF7400407431 /* FlixUITests.xctest */;
			productType = "com.apple.product-type.bundle.ui-testing";
		};
/* End PBXNativeTarget section */

/* Begin PBXProject section */
		65A684CE26EAAF7200407431 /* Project object */ = {
			isa = PBXProject;
			attributes = {
				LastSwiftUpdateCheck = 1250;
				LastUpgradeCheck = 1250;
				TargetAttributes = {
					65A684D526EAAF7200407431 = {
						CreatedOnToolsVersion = 12.5.1;
					};
					65A684EB26EAAF7400407431 = {
						CreatedOnToolsVersion = 12.5.1;
						TestTargetID = 65A684D526EAAF7200407431;
					};
					65A684F626EAAF7400407431 = {
						CreatedOnToolsVersion = 12.5.1;
						TestTargetID = 65A684D526EAAF7200407431;
					};
				};
			};
			buildConfigurationList = 65A684D126EAAF7200407431 /* Build configuration list for PBXProject "Flix" */;
			compatibilityVersion = "Xcode 9.3";
			developmentRegion = en;
			hasScannedForEncodings = 0;
			knownRegions = (
				en,
				Base,
			);
			mainGroup = 65A684CD26EAAF7200407431;
			packageReferences = (
				650A814326EE6FDC00627025 /* XCRemoteSwiftPackageReference "AlamofireImage" */,
			);
			productRefGroup = 65A684D726EAAF7200407431 /* Products */;
			projectDirPath = "";
			projectRoot = "";
			targets = (
				65A684D526EAAF7200407431 /* Flix */,
				65A684EB26EAAF7400407431 /* FlixTests */,
				65A684F626EAAF7400407431 /* FlixUITests */,
			);
		};
/* End PBXProject section */

/* Begin PBXResourcesBuildPhase section */
		65A684D426EAAF7200407431 /* Resources */ = {
			isa = PBXResourcesBuildPhase;
			buildActionMask = 2147483647;
			files = (
				65A684E626EAAF7300407431 /* LaunchScreen.storyboard in Resources */,
				65A684E326EAAF7300407431 /* Assets.xcassets in Resources */,
				65A684E126EAAF7200407431 /* Main.storyboard in Resources */,
			);
			runOnlyForDeploymentPostprocessing = 0;
		};
		65A684EA26EAAF7400407431 /* Resources */ = {
			isa = PBXResourcesBuildPhase;
			buildActionMask = 2147483647;
			files = (
			);
			runOnlyForDeploymentPostprocessing = 0;
		};
		65A684F526EAAF7400407431 /* Resources */ = {
			isa = PBXResourcesBuildPhase;
			buildActionMask = 2147483647;
			files = (
			);
			runOnlyForDeploymentPostprocessing = 0;
		};
/* End PBXResourcesBuildPhase section */

/* Begin PBXShellScriptBuildPhase section */
		12BFCD71200A7BE4F3C291A6 /* [CP] Embed Pods Frameworks */ = {
			isa = PBXShellScriptBuildPhase;
			buildActionMask = 2147483647;
			files = (
			);
			inputFileListPaths = (
				"${PODS_ROOT}/Target Support Files/Pods-Flix/Pods-Flix-frameworks-${CONFIGURATION}-input-files.xcfilelist",
			);
			name = "[CP] Embed Pods Frameworks";
			outputFileListPaths = (
				"${PODS_ROOT}/Target Support Files/Pods-Flix/Pods-Flix-frameworks-${CONFIGURATION}-output-files.xcfilelist",
			);
			runOnlyForDeploymentPostprocessing = 0;
			shellPath = /bin/sh;
			shellScript = "\"${PODS_ROOT}/Target Support Files/Pods-Flix/Pods-Flix-frameworks.sh\"\n";
			showEnvVarsInLog = 0;
		};
		312BD07AD2E03196CB95231B /* [CP] Check Pods Manifest.lock */ = {
			isa = PBXShellScriptBuildPhase;
			buildActionMask = 2147483647;
			files = (
			);
			inputFileListPaths = (
			);
			inputPaths = (
				"${PODS_PODFILE_DIR_PATH}/Podfile.lock",
				"${PODS_ROOT}/Manifest.lock",
			);
			name = "[CP] Check Pods Manifest.lock";
			outputFileListPaths = (
			);
			outputPaths = (
				"$(DERIVED_FILE_DIR)/Pods-Flix-FlixUITests-checkManifestLockResult.txt",
			);
			runOnlyForDeploymentPostprocessing = 0;
			shellPath = /bin/sh;
			shellScript = "diff \"${PODS_PODFILE_DIR_PATH}/Podfile.lock\" \"${PODS_ROOT}/Manifest.lock\" > /dev/null\nif [ $? != 0 ] ; then\n    # print error to STDERR\n    echo \"error: The sandbox is not in sync with the Podfile.lock. Run 'pod install' or update your CocoaPods installation.\" >&2\n    exit 1\nfi\n# This output is used by Xcode 'outputs' to avoid re-running this script phase.\necho \"SUCCESS\" > \"${SCRIPT_OUTPUT_FILE_0}\"\n";
			showEnvVarsInLog = 0;
		};
		4DE2477B3E43650902948500 /* [CP] Check Pods Manifest.lock */ = {
			isa = PBXShellScriptBuildPhase;
			buildActionMask = 2147483647;
			files = (
			);
			inputFileListPaths = (
			);
			inputPaths = (
				"${PODS_PODFILE_DIR_PATH}/Podfile.lock",
				"${PODS_ROOT}/Manifest.lock",
			);
			name = "[CP] Check Pods Manifest.lock";
			outputFileListPaths = (
			);
			outputPaths = (
				"$(DERIVED_FILE_DIR)/Pods-FlixTests-checkManifestLockResult.txt",
			);
			runOnlyForDeploymentPostprocessing = 0;
			shellPath = /bin/sh;
			shellScript = "diff \"${PODS_PODFILE_DIR_PATH}/Podfile.lock\" \"${PODS_ROOT}/Manifest.lock\" > /dev/null\nif [ $? != 0 ] ; then\n    # print error to STDERR\n    echo \"error: The sandbox is not in sync with the Podfile.lock. Run 'pod install' or update your CocoaPods installation.\" >&2\n    exit 1\nfi\n# This output is used by Xcode 'outputs' to avoid re-running this script phase.\necho \"SUCCESS\" > \"${SCRIPT_OUTPUT_FILE_0}\"\n";
			showEnvVarsInLog = 0;
		};
		5252F0187DA57819333FAFF8 /* [CP] Check Pods Manifest.lock */ = {
			isa = PBXShellScriptBuildPhase;
			buildActionMask = 2147483647;
			files = (
			);
			inputFileListPaths = (
			);
			inputPaths = (
				"${PODS_PODFILE_DIR_PATH}/Podfile.lock",
				"${PODS_ROOT}/Manifest.lock",
			);
			name = "[CP] Check Pods Manifest.lock";
			outputFileListPaths = (
			);
			outputPaths = (
				"$(DERIVED_FILE_DIR)/Pods-Flix-checkManifestLockResult.txt",
			);
			runOnlyForDeploymentPostprocessing = 0;
			shellPath = /bin/sh;
			shellScript = "diff \"${PODS_PODFILE_DIR_PATH}/Podfile.lock\" \"${PODS_ROOT}/Manifest.lock\" > /dev/null\nif [ $? != 0 ] ; then\n    # print error to STDERR\n    echo \"error: The sandbox is not in sync with the Podfile.lock. Run 'pod install' or update your CocoaPods installation.\" >&2\n    exit 1\nfi\n# This output is used by Xcode 'outputs' to avoid re-running this script phase.\necho \"SUCCESS\" > \"${SCRIPT_OUTPUT_FILE_0}\"\n";
			showEnvVarsInLog = 0;
		};
		9091092B76B7D7B74FF86CBE /* [CP] Embed Pods Frameworks */ = {
			isa = PBXShellScriptBuildPhase;
			buildActionMask = 2147483647;
			files = (
			);
			inputFileListPaths = (
				"${PODS_ROOT}/Target Support Files/Pods-Flix-FlixUITests/Pods-Flix-FlixUITests-frameworks-${CONFIGURATION}-input-files.xcfilelist",
			);
			name = "[CP] Embed Pods Frameworks";
			outputFileListPaths = (
				"${PODS_ROOT}/Target Support Files/Pods-Flix-FlixUITests/Pods-Flix-FlixUITests-frameworks-${CONFIGURATION}-output-files.xcfilelist",
			);
			runOnlyForDeploymentPostprocessing = 0;
			shellPath = /bin/sh;
			shellScript = "\"${PODS_ROOT}/Target Support Files/Pods-Flix-FlixUITests/Pods-Flix-FlixUITests-frameworks.sh\"\n";
			showEnvVarsInLog = 0;
		};
/* End PBXShellScriptBuildPhase section */

/* Begin PBXSourcesBuildPhase section */
		65A684D226EAAF7200407431 /* Sources */ = {
			isa = PBXSourcesBuildPhase;
			buildActionMask = 2147483647;
			files = (
				65BDB28926F44482005CAC50 /* MovieDetailsViewController.swift in Sources */,
				65A684DA26EAAF7200407431 /* AppDelegate.swift in Sources */,
				65A684DC26EAAF7200407431 /* SceneDelegate.swift in Sources */,
				650A814226EB04A000627025 /* MovieCell.swift in Sources */,
				650A814026EAB2CA00627025 /* MoviesViewController.swift in Sources */,
				65BDB28B26F5B3FD005CAC50 /* MovieGridViewController.swift in Sources */,
				65BDB28D26F5C1C5005CAC50 /* MovieGridCell.swift in Sources */,
			);
			runOnlyForDeploymentPostprocessing = 0;
		};
		65A684E826EAAF7400407431 /* Sources */ = {
			isa = PBXSourcesBuildPhase;
			buildActionMask = 2147483647;
			files = (
				65A684F126EAAF7400407431 /* FlixTests.swift in Sources */,
			);
			runOnlyForDeploymentPostprocessing = 0;
		};
		65A684F326EAAF7400407431 /* Sources */ = {
			isa = PBXSourcesBuildPhase;
			buildActionMask = 2147483647;
			files = (
				65A684FC26EAAF7400407431 /* FlixUITests.swift in Sources */,
			);
			runOnlyForDeploymentPostprocessing = 0;
		};
/* End PBXSourcesBuildPhase section */

/* Begin PBXTargetDependency section */
		65A684EE26EAAF7400407431 /* PBXTargetDependency */ = {
			isa = PBXTargetDependency;
			target = 65A684D526EAAF7200407431 /* Flix */;
			targetProxy = 65A684ED26EAAF7400407431 /* PBXContainerItemProxy */;
		};
		65A684F926EAAF7400407431 /* PBXTargetDependency */ = {
			isa = PBXTargetDependency;
			target = 65A684D526EAAF7200407431 /* Flix */;
			targetProxy = 65A684F826EAAF7400407431 /* PBXContainerItemProxy */;
		};
/* End PBXTargetDependency section */

/* Begin PBXVariantGroup section */
		65A684DF26EAAF7200407431 /* Main.storyboard */ = {
			isa = PBXVariantGroup;
			children = (
				65A684E026EAAF7200407431 /* Base */,
			);
			name = Main.storyboard;
			sourceTree = "<group>";
		};
		65A684E426EAAF7300407431 /* LaunchScreen.storyboard */ = {
			isa = PBXVariantGroup;
			children = (
				65A684E526EAAF7300407431 /* Base */,
			);
			name = LaunchScreen.storyboard;
			sourceTree = "<group>";
		};
/* End PBXVariantGroup section */

/* Begin XCBuildConfiguration section */
		65A684FE26EAAF7400407431 /* Debug */ = {
			isa = XCBuildConfiguration;
			buildSettings = {
				ALWAYS_SEARCH_USER_PATHS = NO;
				CLANG_ANALYZER_NONNULL = YES;
				CLANG_ANALYZER_NUMBER_OBJECT_CONVERSION = YES_AGGRESSIVE;
				CLANG_CXX_LANGUAGE_STANDARD = "gnu++14";
				CLANG_CXX_LIBRARY = "libc++";
				CLANG_ENABLE_MODULES = YES;
				CLANG_ENABLE_OBJC_ARC = YES;
				CLANG_ENABLE_OBJC_WEAK = YES;
				CLANG_WARN_BLOCK_CAPTURE_AUTORELEASING = YES;
				CLANG_WARN_BOOL_CONVERSION = YES;
				CLANG_WARN_COMMA = YES;
				CLANG_WARN_CONSTANT_CONVERSION = YES;
				CLANG_WARN_DEPRECATED_OBJC_IMPLEMENTATIONS = YES;
				CLANG_WARN_DIRECT_OBJC_ISA_USAGE = YES_ERROR;
				CLANG_WARN_DOCUMENTATION_COMMENTS = YES;
				CLANG_WARN_EMPTY_BODY = YES;
				CLANG_WARN_ENUM_CONVERSION = YES;
				CLANG_WARN_INFINITE_RECURSION = YES;
				CLANG_WARN_INT_CONVERSION = YES;
				CLANG_WARN_NON_LITERAL_NULL_CONVERSION = YES;
				CLANG_WARN_OBJC_IMPLICIT_RETAIN_SELF = YES;
				CLANG_WARN_OBJC_LITERAL_CONVERSION = YES;
				CLANG_WARN_OBJC_ROOT_CLASS = YES_ERROR;
				CLANG_WARN_QUOTED_INCLUDE_IN_FRAMEWORK_HEADER = YES;
				CLANG_WARN_RANGE_LOOP_ANALYSIS = YES;
				CLANG_WARN_STRICT_PROTOTYPES = YES;
				CLANG_WARN_SUSPICIOUS_MOVE = YES;
				CLANG_WARN_UNGUARDED_AVAILABILITY = YES_AGGRESSIVE;
				CLANG_WARN_UNREACHABLE_CODE = YES;
				CLANG_WARN__DUPLICATE_METHOD_MATCH = YES;
				COPY_PHASE_STRIP = NO;
				DEBUG_INFORMATION_FORMAT = dwarf;
				ENABLE_STRICT_OBJC_MSGSEND = YES;
				ENABLE_TESTABILITY = YES;
				GCC_C_LANGUAGE_STANDARD = gnu11;
				GCC_DYNAMIC_NO_PIC = NO;
				GCC_NO_COMMON_BLOCKS = YES;
				GCC_OPTIMIZATION_LEVEL = 0;
				GCC_PREPROCESSOR_DEFINITIONS = (
					"DEBUG=1",
					"$(inherited)",
				);
				GCC_WARN_64_TO_32_BIT_CONVERSION = YES;
				GCC_WARN_ABOUT_RETURN_TYPE = YES_ERROR;
				GCC_WARN_UNDECLARED_SELECTOR = YES;
				GCC_WARN_UNINITIALIZED_AUTOS = YES_AGGRESSIVE;
				GCC_WARN_UNUSED_FUNCTION = YES;
				GCC_WARN_UNUSED_VARIABLE = YES;
				IPHONEOS_DEPLOYMENT_TARGET = 14.5;
				MTL_ENABLE_DEBUG_INFO = INCLUDE_SOURCE;
				MTL_FAST_MATH = YES;
				ONLY_ACTIVE_ARCH = YES;
				SDKROOT = iphoneos;
				SWIFT_ACTIVE_COMPILATION_CONDITIONS = DEBUG;
				SWIFT_OPTIMIZATION_LEVEL = "-Onone";
			};
			name = Debug;
		};
		65A684FF26EAAF7400407431 /* Release */ = {
			isa = XCBuildConfiguration;
			buildSettings = {
				ALWAYS_SEARCH_USER_PATHS = NO;
				CLANG_ANALYZER_NONNULL = YES;
				CLANG_ANALYZER_NUMBER_OBJECT_CONVERSION = YES_AGGRESSIVE;
				CLANG_CXX_LANGUAGE_STANDARD = "gnu++14";
				CLANG_CXX_LIBRARY = "libc++";
				CLANG_ENABLE_MODULES = YES;
				CLANG_ENABLE_OBJC_ARC = YES;
				CLANG_ENABLE_OBJC_WEAK = YES;
				CLANG_WARN_BLOCK_CAPTURE_AUTORELEASING = YES;
				CLANG_WARN_BOOL_CONVERSION = YES;
				CLANG_WARN_COMMA = YES;
				CLANG_WARN_CONSTANT_CONVERSION = YES;
				CLANG_WARN_DEPRECATED_OBJC_IMPLEMENTATIONS = YES;
				CLANG_WARN_DIRECT_OBJC_ISA_USAGE = YES_ERROR;
				CLANG_WARN_DOCUMENTATION_COMMENTS = YES;
				CLANG_WARN_EMPTY_BODY = YES;
				CLANG_WARN_ENUM_CONVERSION = YES;
				CLANG_WARN_INFINITE_RECURSION = YES;
				CLANG_WARN_INT_CONVERSION = YES;
				CLANG_WARN_NON_LITERAL_NULL_CONVERSION = YES;
				CLANG_WARN_OBJC_IMPLICIT_RETAIN_SELF = YES;
				CLANG_WARN_OBJC_LITERAL_CONVERSION = YES;
				CLANG_WARN_OBJC_ROOT_CLASS = YES_ERROR;
				CLANG_WARN_QUOTED_INCLUDE_IN_FRAMEWORK_HEADER = YES;
				CLANG_WARN_RANGE_LOOP_ANALYSIS = YES;
				CLANG_WARN_STRICT_PROTOTYPES = YES;
				CLANG_WARN_SUSPICIOUS_MOVE = YES;
				CLANG_WARN_UNGUARDED_AVAILABILITY = YES_AGGRESSIVE;
				CLANG_WARN_UNREACHABLE_CODE = YES;
				CLANG_WARN__DUPLICATE_METHOD_MATCH = YES;
				COPY_PHASE_STRIP = NO;
				DEBUG_INFORMATION_FORMAT = "dwarf-with-dsym";
				ENABLE_NS_ASSERTIONS = NO;
				ENABLE_STRICT_OBJC_MSGSEND = YES;
				GCC_C_LANGUAGE_STANDARD = gnu11;
				GCC_NO_COMMON_BLOCKS = YES;
				GCC_WARN_64_TO_32_BIT_CONVERSION = YES;
				GCC_WARN_ABOUT_RETURN_TYPE = YES_ERROR;
				GCC_WARN_UNDECLARED_SELECTOR = YES;
				GCC_WARN_UNINITIALIZED_AUTOS = YES_AGGRESSIVE;
				GCC_WARN_UNUSED_FUNCTION = YES;
				GCC_WARN_UNUSED_VARIABLE = YES;
				IPHONEOS_DEPLOYMENT_TARGET = 14.5;
				MTL_ENABLE_DEBUG_INFO = NO;
				MTL_FAST_MATH = YES;
				SDKROOT = iphoneos;
				SWIFT_COMPILATION_MODE = wholemodule;
				SWIFT_OPTIMIZATION_LEVEL = "-O";
				VALIDATE_PRODUCT = YES;
			};
			name = Release;
		};
		65A6850126EAAF7400407431 /* Debug */ = {
			isa = XCBuildConfiguration;
			baseConfigurationReference = A55C457EAB9195E7E8FA75AA /* Pods-Flix.debug.xcconfig */;
			buildSettings = {
				ASSETCATALOG_COMPILER_APPICON_NAME = AppIcon;
				ASSETCATALOG_COMPILER_GLOBAL_ACCENT_COLOR_NAME = AccentColor;
				CODE_SIGN_STYLE = Automatic;
				DEVELOPMENT_TEAM = H8A69N95PN;
				INFOPLIST_FILE = Flix/Info.plist;
				LD_RUNPATH_SEARCH_PATHS = (
					"$(inherited)",
					"@executable_path/Frameworks",
				);
				PRODUCT_BUNDLE_IDENTIFIER = "com.DanielCruz-Castro.Flix";
				PRODUCT_NAME = "$(TARGET_NAME)";
				SWIFT_VERSION = 5.0;
				TARGETED_DEVICE_FAMILY = "1,2";
			};
			name = Debug;
		};
		65A6850226EAAF7400407431 /* Release */ = {
			isa = XCBuildConfiguration;
			baseConfigurationReference = FD1385451E37564DC2486785 /* Pods-Flix.release.xcconfig */;
			buildSettings = {
				ASSETCATALOG_COMPILER_APPICON_NAME = AppIcon;
				ASSETCATALOG_COMPILER_GLOBAL_ACCENT_COLOR_NAME = AccentColor;
				CODE_SIGN_STYLE = Automatic;
				DEVELOPMENT_TEAM = H8A69N95PN;
				INFOPLIST_FILE = Flix/Info.plist;
				LD_RUNPATH_SEARCH_PATHS = (
					"$(inherited)",
					"@executable_path/Frameworks",
				);
				PRODUCT_BUNDLE_IDENTIFIER = "com.DanielCruz-Castro.Flix";
				PRODUCT_NAME = "$(TARGET_NAME)";
				SWIFT_VERSION = 5.0;
				TARGETED_DEVICE_FAMILY = "1,2";
			};
			name = Release;
		};
		65A6850426EAAF7400407431 /* Debug */ = {
			isa = XCBuildConfiguration;
			baseConfigurationReference = 8BF3A5E0706DFD2075A8779E /* Pods-FlixTests.debug.xcconfig */;
			buildSettings = {
				ALWAYS_EMBED_SWIFT_STANDARD_LIBRARIES = YES;
				BUNDLE_LOADER = "$(TEST_HOST)";
				CODE_SIGN_STYLE = Automatic;
				DEVELOPMENT_TEAM = H8A69N95PN;
				INFOPLIST_FILE = FlixTests/Info.plist;
				IPHONEOS_DEPLOYMENT_TARGET = 14.5;
				LD_RUNPATH_SEARCH_PATHS = (
					"$(inherited)",
					"@executable_path/Frameworks",
					"@loader_path/Frameworks",
				);
				PRODUCT_BUNDLE_IDENTIFIER = "com.DanielCruz-Castro.FlixTests";
				PRODUCT_NAME = "$(TARGET_NAME)";
				SWIFT_VERSION = 5.0;
				TARGETED_DEVICE_FAMILY = "1,2";
				TEST_HOST = "$(BUILT_PRODUCTS_DIR)/Flix.app/Flix";
			};
			name = Debug;
		};
		65A6850526EAAF7400407431 /* Release */ = {
			isa = XCBuildConfiguration;
			baseConfigurationReference = 35F9A9733C56E4478006153F /* Pods-FlixTests.release.xcconfig */;
			buildSettings = {
				ALWAYS_EMBED_SWIFT_STANDARD_LIBRARIES = YES;
				BUNDLE_LOADER = "$(TEST_HOST)";
				CODE_SIGN_STYLE = Automatic;
				DEVELOPMENT_TEAM = H8A69N95PN;
				INFOPLIST_FILE = FlixTests/Info.plist;
				IPHONEOS_DEPLOYMENT_TARGET = 14.5;
				LD_RUNPATH_SEARCH_PATHS = (
					"$(inherited)",
					"@executable_path/Frameworks",
					"@loader_path/Frameworks",
				);
				PRODUCT_BUNDLE_IDENTIFIER = "com.DanielCruz-Castro.FlixTests";
				PRODUCT_NAME = "$(TARGET_NAME)";
				SWIFT_VERSION = 5.0;
				TARGETED_DEVICE_FAMILY = "1,2";
				TEST_HOST = "$(BUILT_PRODUCTS_DIR)/Flix.app/Flix";
			};
			name = Release;
		};
		65A6850726EAAF7400407431 /* Debug */ = {
			isa = XCBuildConfiguration;
			baseConfigurationReference = C12D3633A8F72D944C953C6B /* Pods-Flix-FlixUITests.debug.xcconfig */;
			buildSettings = {
				ALWAYS_EMBED_SWIFT_STANDARD_LIBRARIES = YES;
				CODE_SIGN_STYLE = Automatic;
				DEVELOPMENT_TEAM = H8A69N95PN;
				INFOPLIST_FILE = FlixUITests/Info.plist;
				LD_RUNPATH_SEARCH_PATHS = (
					"$(inherited)",
					"@executable_path/Frameworks",
					"@loader_path/Frameworks",
				);
				PRODUCT_BUNDLE_IDENTIFIER = "com.DanielCruz-Castro.FlixUITests";
				PRODUCT_NAME = "$(TARGET_NAME)";
				SWIFT_VERSION = 5.0;
				TARGETED_DEVICE_FAMILY = "1,2";
				TEST_TARGET_NAME = Flix;
			};
			name = Debug;
		};
		65A6850826EAAF7400407431 /* Release */ = {
			isa = XCBuildConfiguration;
			baseConfigurationReference = 2737ADDFB76EC74121BEAC1E /* Pods-Flix-FlixUITests.release.xcconfig */;
			buildSettings = {
				ALWAYS_EMBED_SWIFT_STANDARD_LIBRARIES = YES;
				CODE_SIGN_STYLE = Automatic;
				DEVELOPMENT_TEAM = H8A69N95PN;
				INFOPLIST_FILE = FlixUITests/Info.plist;
				LD_RUNPATH_SEARCH_PATHS = (
					"$(inherited)",
					"@executable_path/Frameworks",
					"@loader_path/Frameworks",
				);
				PRODUCT_BUNDLE_IDENTIFIER = "com.DanielCruz-Castro.FlixUITests";
				PRODUCT_NAME = "$(TARGET_NAME)";
				SWIFT_VERSION = 5.0;
				TARGETED_DEVICE_FAMILY = "1,2";
				TEST_TARGET_NAME = Flix;
			};
			name = Release;
		};
/* End XCBuildConfiguration section */

/* Begin XCConfigurationList section */
		65A684D126EAAF7200407431 /* Build configuration list for PBXProject "Flix" */ = {
			isa = XCConfigurationList;
			buildConfigurations = (
				65A684FE26EAAF7400407431 /* Debug */,
				65A684FF26EAAF7400407431 /* Release */,
			);
			defaultConfigurationIsVisible = 0;
			defaultConfigurationName = Release;
		};
		65A6850026EAAF7400407431 /* Build configuration list for PBXNativeTarget "Flix" */ = {
			isa = XCConfigurationList;
			buildConfigurations = (
				65A6850126EAAF7400407431 /* Debug */,
				65A6850226EAAF7400407431 /* Release */,
			);
			defaultConfigurationIsVisible = 0;
			defaultConfigurationName = Release;
		};
		65A6850326EAAF7400407431 /* Build configuration list for PBXNativeTarget "FlixTests" */ = {
			isa = XCConfigurationList;
			buildConfigurations = (
				65A6850426EAAF7400407431 /* Debug */,
				65A6850526EAAF7400407431 /* Release */,
			);
			defaultConfigurationIsVisible = 0;
			defaultConfigurationName = Release;
		};
		65A6850626EAAF7400407431 /* Build configuration list for PBXNativeTarget "FlixUITests" */ = {
			isa = XCConfigurationList;
			buildConfigurations = (
				65A6850726EAAF7400407431 /* Debug */,
				65A6850826EAAF7400407431 /* Release */,
			);
			defaultConfigurationIsVisible = 0;
			defaultConfigurationName = Release;
		};
/* End XCConfigurationList section */

/* Begin XCRemoteSwiftPackageReference section */
		650A814326EE6FDC00627025 /* XCRemoteSwiftPackageReference "AlamofireImage" */ = {
			isa = XCRemoteSwiftPackageReference;
			repositoryURL = "https://github.com/Alamofire/AlamofireImage";
			requirement = {
				kind = upToNextMajorVersion;
				minimumVersion = 4.2.0;
			};
		};
/* End XCRemoteSwiftPackageReference section */

/* Begin XCSwiftPackageProductDependency section */
		650A814426EE6FDC00627025 /* AlamofireImage */ = {
			isa = XCSwiftPackageProductDependency;
			package = 650A814326EE6FDC00627025 /* XCRemoteSwiftPackageReference "AlamofireImage" */;
			productName = AlamofireImage;
		};
/* End XCSwiftPackageProductDependency section */
	};
	rootObject = 65A684CE26EAAF7200407431 /* Project object */;
}
